
Microsoft Visual Studio Solution File, Format Version 12.00
# Visual Studio Version 16
VisualStudioVersion = 16.0.29230.47
MinimumVisualStudioVersion = 10.0.40219.1
Project("{FAE04EC0-301F-11D3-BF4B-00C04F79EFBC}") = "DownloadsCleaner", "DownloadsCleaner\DownloadsCleaner.csproj", "{0CAD2725-A606-4892-B275-845256B7A1F5}"
EndProject
Project("{FAE04EC0-301F-11D3-BF4B-00C04F79EFBC}") = "DownloadsCleanerSettingsApplication", "DownloadsCleanerSettingsApplication\DownloadsCleanerSettingsApplication.csproj", "{2E968F19-6BA3-41A6-86F6-D46F1CF5AA75}"
EndProject
Project("{2150E333-8FDC-42A3-9474-1A3956D46DE8}") = "tmp", "tmp", "{CCEE1FFD-5EE9-4E77-A358-359FAE372E3B}"
	ProjectSection(SolutionItems) = preProject
		DownloadsCleanerConfiguration\CleanerConfig.cs = DownloadsCleanerConfiguration\CleanerConfig.cs
		DownloadsCleanerConfiguration\SearchedDirectory.cs = DownloadsCleanerConfiguration\SearchedDirectory.cs
	EndProjectSection
EndProject
Project("{FAE04EC0-301F-11D3-BF4B-00C04F79EFBC}") = "DownloadsCleanerConfig", "DownloadsCleanerConfig\DownloadsCleanerConfig.csproj", "{15FFCD3F-765E-4287-BFF8-BCBB2ACA9AFA}"
EndProject
Project("{FAE04EC0-301F-11D3-BF4B-00C04F79EFBC}") = "DownloadsCleanerStartUp", "DownloadsCleanerStartUp\DownloadsCleanerStartUp.csproj", "{958C049D-48A5-4221-86AC-66D0200A2AB2}"
EndProject
Global
	GlobalSection(SolutionConfigurationPlatforms) = preSolution
		Debug|Any CPU = Debug|Any CPU
		Release|Any CPU = Release|Any CPU
	EndGlobalSection
	GlobalSection(ProjectConfigurationPlatforms) = postSolution
		{0CAD2725-A606-4892-B275-845256B7A1F5}.Debug|Any CPU.ActiveCfg = Debug|Any CPU
		{0CAD2725-A606-4892-B275-845256B7A1F5}.Debug|Any CPU.Build.0 = Debug|Any CPU
		{0CAD2725-A606-4892-B275-845256B7A1F5}.Release|Any CPU.ActiveCfg = Release|Any CPU
		{0CAD2725-A606-4892-B275-845256B7A1F5}.Release|Any CPU.Build.0 = Release|Any CPU
		{2E968F19-6BA3-41A6-86F6-D46F1CF5AA75}.Debug|Any CPU.ActiveCfg = Debug|Any CPU
		{2E968F19-6BA3-41A6-86F6-D46F1CF5AA75}.Debug|Any CPU.Build.0 = Debug|Any CPU
		{2E968F19-6BA3-41A6-86F6-D46F1CF5AA75}.Release|Any CPU.ActiveCfg = Release|Any CPU
		{2E968F19-6BA3-41A6-86F6-D46F1CF5AA75}.Release|Any CPU.Build.0 = Release|Any CPU
		{15FFCD3F-765E-4287-BFF8-BCBB2ACA9AFA}.Debug|Any CPU.ActiveCfg = Debug|Any CPU
		{15FFCD3F-765E-4287-BFF8-BCBB2ACA9AFA}.Debug|Any CPU.Build.0 = Debug|Any CPU
		{15FFCD3F-765E-4287-BFF8-BCBB2ACA9AFA}.Release|Any CPU.ActiveCfg = Release|Any CPU
		{15FFCD3F-765E-4287-BFF8-BCBB2ACA9AFA}.Release|Any CPU.Build.0 = Release|Any CPU
		{958C049D-48A5-4221-86AC-66D0200A2AB2}.Debug|Any CPU.ActiveCfg = Debug|Any CPU
		{958C049D-48A5-4221-86AC-66D0200A2AB2}.Debug|Any CPU.Build.0 = Debug|Any CPU
		{958C049D-48A5-4221-86AC-66D0200A2AB2}.Release|Any CPU.ActiveCfg = Release|Any CPU
		{958C049D-48A5-4221-86AC-66D0200A2AB2}.Release|Any CPU.Build.0 = Release|Any CPU
	EndGlobalSection
	GlobalSection(SolutionProperties) = preSolution
		HideSolutionNode = FALSE
	EndGlobalSection
	GlobalSection(ExtensibilityGlobals) = postSolution
		SolutionGuid = {AEF84664-BD8C-4013-A6D5-6F2EE7F710D8}
	EndGlobalSection
EndGlobal
